// !$*UTF8*$!
{
	archiveVersion = 1;
	classes = {
	};
	objectVersion = 46;
	objects = {

/* Begin PBXBuildFile section */
		B52AA6631E545E8100D96767 /* AOPAError.swift in Sources */ = {isa = PBXBuildFile; fileRef = B52AA6621E545E8100D96767 /* AOPAError.swift */; };
		B52AA6651E5481FD00D96767 /* AOPALoader.swift in Sources */ = {isa = PBXBuildFile; fileRef = B52AA6641E5481FD00D96767 /* AOPALoader.swift */; };
		B52AA6671E54823900D96767 /* AOPANetwork.Config.swift in Sources */ = {isa = PBXBuildFile; fileRef = B52AA6661E54823900D96767 /* AOPANetwork.Config.swift */; };
		B52AA6691E5482C700D96767 /* AOPANetwork.swift in Sources */ = {isa = PBXBuildFile; fileRef = B52AA6681E5482C700D96767 /* AOPANetwork.swift */; };
		B52AA66B1E5489AE00D96767 /* AOPADataError.swift in Sources */ = {isa = PBXBuildFile; fileRef = B52AA66A1E5489AE00D96767 /* AOPADataError.swift */; };
		B53826BC1D009BB100828A95 /* PointDetailsView.swift in Sources */ = {isa = PBXBuildFile; fileRef = B53826BB1D009BB100828A95 /* PointDetailsView.swift */; };
		B53826BE1D009EEE00828A95 /* RunwaysView.swift in Sources */ = {isa = PBXBuildFile; fileRef = B53826BD1D009EEE00828A95 /* RunwaysView.swift */; };
		B53826C01D00AAE300828A95 /* MessageUI.framework in Frameworks */ = {isa = PBXBuildFile; fileRef = B53826BF1D00AAE300828A95 /* MessageUI.framework */; };
		B5447D3F1CC12ECA0041B579 /* Localizable.strings in Resources */ = {isa = PBXBuildFile; fileRef = B5447D411CC12ECA0041B579 /* Localizable.strings */; };
		B5447D431CC137A30041B579 /* Database.swift in Sources */ = {isa = PBXBuildFile; fileRef = B5447D421CC137A30041B579 /* Database.swift */; };
		B5447D461CC13DB60041B579 /* PrimitiveExtensions.swift in Sources */ = {isa = PBXBuildFile; fileRef = B5447D451CC13DB60041B579 /* PrimitiveExtensions.swift */; };
		B5447D481CC14DDE0041B579 /* Segue.swift in Sources */ = {isa = PBXBuildFile; fileRef = B5447D471CC14DDE0041B579 /* Segue.swift */; };
		B5464E781D1C57A6004BBDD6 /* DetailsTableViewCell.swift in Sources */ = {isa = PBXBuildFile; fileRef = B5464E771D1C57A6004BBDD6 /* DetailsTableViewCell.swift */; };
		B5464E7A1D1C5DD3004BBDD6 /* DetailsTableViewController.swift in Sources */ = {isa = PBXBuildFile; fileRef = B5464E791D1C5DD3004BBDD6 /* DetailsTableViewController.swift */; };
		B54BB57F1E55BC6200C0FC5E /* AOPANetworkError.swift in Sources */ = {isa = PBXBuildFile; fileRef = B54BB57E1E55BC6100C0FC5E /* AOPANetworkError.swift */; };
		B54BB5821E56FA4A00C0FC5E /* PointViewModel.swift in Sources */ = {isa = PBXBuildFile; fileRef = B54BB5811E56FA4A00C0FC5E /* PointViewModel.swift */; };
		B563E2191CC1B98900480DA2 /* Point+CoreDataProperties.swift in Sources */ = {isa = PBXBuildFile; fileRef = B563E20F1CC1B98900480DA2 /* Point+CoreDataProperties.swift */; };
		B563E21A1CC1B98900480DA2 /* Point.swift in Sources */ = {isa = PBXBuildFile; fileRef = B563E2101CC1B98900480DA2 /* Point.swift */; };
		B563E21B1CC1B98900480DA2 /* Runway+CoreDataProperties.swift in Sources */ = {isa = PBXBuildFile; fileRef = B563E2111CC1B98900480DA2 /* Runway+CoreDataProperties.swift */; };
		B563E21C1CC1B98900480DA2 /* Runway.swift in Sources */ = {isa = PBXBuildFile; fileRef = B563E2121CC1B98900480DA2 /* Runway.swift */; };
		B563E21F1CC1B98900480DA2 /* Fuel+CoreDataProperties.swift in Sources */ = {isa = PBXBuildFile; fileRef = B563E2151CC1B98900480DA2 /* Fuel+CoreDataProperties.swift */; };
		B563E2201CC1B98900480DA2 /* Fuel.swift in Sources */ = {isa = PBXBuildFile; fileRef = B563E2161CC1B98900480DA2 /* Fuel.swift */; };
		B563E2211CC1B98900480DA2 /* PointDetails+CoreDataProperties.swift in Sources */ = {isa = PBXBuildFile; fileRef = B563E2171CC1B98900480DA2 /* PointDetails+CoreDataProperties.swift */; };
		B563E2221CC1B98900480DA2 /* PointDetails.swift in Sources */ = {isa = PBXBuildFile; fileRef = B563E2181CC1B98900480DA2 /* PointDetails.swift */; };
		B56FBEF11E5F416F008886AF /* RunwaysOverlay.swift in Sources */ = {isa = PBXBuildFile; fileRef = B56FBEF01E5F416E008886AF /* RunwaysOverlay.swift */; };
		B5D1C6A61CC00C11001E3294 /* MapKit.framework in Frameworks */ = {isa = PBXBuildFile; fileRef = B5D1C6A51CC00C11001E3294 /* MapKit.framework */; };
		B5D1C6B81CC00DB7001E3294 /* AppDelegate.swift in Sources */ = {isa = PBXBuildFile; fileRef = B5D1C6AC1CC00DB7001E3294 /* AppDelegate.swift */; };
		B5D1C6B91CC00DB7001E3294 /* MapViewController.swift in Sources */ = {isa = PBXBuildFile; fileRef = B5D1C6AD1CC00DB7001E3294 /* MapViewController.swift */; };
		B5D1C6BA1CC00DB7001E3294 /* Assets.xcassets in Resources */ = {isa = PBXBuildFile; fileRef = B5D1C6AF1CC00DB7001E3294 /* Assets.xcassets */; };
		B5D1C6BD1CC00DB7001E3294 /* MapsAOPA.xcdatamodeld in Sources */ = {isa = PBXBuildFile; fileRef = B5D1C6B41CC00DB7001E3294 /* MapsAOPA.xcdatamodeld */; };
		B5D1C6C61CC01020001E3294 /* LaunchScreen.storyboard in Resources */ = {isa = PBXBuildFile; fileRef = B5D1C6C41CC01020001E3294 /* LaunchScreen.storyboard */; };
		B5D1C6C71CC01020001E3294 /* Main.storyboard in Resources */ = {isa = PBXBuildFile; fileRef = B5D1C6C51CC01020001E3294 /* Main.storyboard */; };
		B5D1C6CB1CC057E6001E3294 /* Network.swift in Sources */ = {isa = PBXBuildFile; fileRef = B5D1C6CA1CC057E6001E3294 /* Network.swift */; };
		B5D1C6D11CC05989001E3294 /* Settings.swift in Sources */ = {isa = PBXBuildFile; fileRef = B5D1C6D01CC05989001E3294 /* Settings.swift */; };
		B5DC47DE1E5DE95700037888 /* Converter.swift in Sources */ = {isa = PBXBuildFile; fileRef = B5DC47DD1E5DE95700037888 /* Converter.swift */; };
		B5DC47E01E5DEFAD00037888 /* DetailsViewModel.swift in Sources */ = {isa = PBXBuildFile; fileRef = B5DC47DF1E5DEFAD00037888 /* DetailsViewModel.swift */; };
		B5DC775E1CC7E2B700226660 /* MapViewModel.swift in Sources */ = {isa = PBXBuildFile; fileRef = B5DC775D1CC7E2B700226660 /* MapViewModel.swift */; };
		B5DC77611CC7EF3200226660 /* MultipleStatesBarButtonItem.swift in Sources */ = {isa = PBXBuildFile; fileRef = B5DC77601CC7EF3200226660 /* MultipleStatesBarButtonItem.swift */; };
		B5E6E51F1CC9145D00B175FD /* PointAnnotation.swift in Sources */ = {isa = PBXBuildFile; fileRef = B5E6E51E1CC9145D00B175FD /* PointAnnotation.swift */; };
		B5FB20A81CC1DA3A007DA15E /* aopa-points-export.xml in Resources */ = {isa = PBXBuildFile; fileRef = B5FB20A71CC1DA3A007DA15E /* aopa-points-export.xml */; };
		B5FBF58F1E5309E500137491 /* ArrayXMLParser.swift in Sources */ = {isa = PBXBuildFile; fileRef = B5FBF58E1E5309E500137491 /* ArrayXMLParser.swift */; };
		D6CE83C5E41FDC50FF7A8D20 /* Pods_MapsAOPA.framework in Frameworks */ = {isa = PBXBuildFile; fileRef = A7BCF0BB8DB91F229929E579 /* Pods_MapsAOPA.framework */; };
/* End PBXBuildFile section */

/* Begin PBXFileReference section */
		03D1AA5B04CFD7602072BBC1 /* Pods-MapsAOPA.release.xcconfig */ = {isa = PBXFileReference; includeInIndex = 1; lastKnownFileType = text.xcconfig; name = "Pods-MapsAOPA.release.xcconfig"; path = "Pods/Target Support Files/Pods-MapsAOPA/Pods-MapsAOPA.release.xcconfig"; sourceTree = "<group>"; };
		28AD4BCEEE7C2D17A6CDDEAA /* Pods-MapsAOPA.debug.xcconfig */ = {isa = PBXFileReference; includeInIndex = 1; lastKnownFileType = text.xcconfig; name = "Pods-MapsAOPA.debug.xcconfig"; path = "Pods/Target Support Files/Pods-MapsAOPA/Pods-MapsAOPA.debug.xcconfig"; sourceTree = "<group>"; };
		759E18A16619C4DE65F04C3A /* Pods.framework */ = {isa = PBXFileReference; explicitFileType = wrapper.framework; includeInIndex = 0; path = Pods.framework; sourceTree = BUILT_PRODUCTS_DIR; };
		A7BCF0BB8DB91F229929E579 /* Pods_MapsAOPA.framework */ = {isa = PBXFileReference; explicitFileType = wrapper.framework; includeInIndex = 0; path = Pods_MapsAOPA.framework; sourceTree = BUILT_PRODUCTS_DIR; };
		B52AA6621E545E8100D96767 /* AOPAError.swift */ = {isa = PBXFileReference; fileEncoding = 4; lastKnownFileType = sourcecode.swift; path = AOPAError.swift; sourceTree = "<group>"; };
		B52AA6641E5481FD00D96767 /* AOPALoader.swift */ = {isa = PBXFileReference; fileEncoding = 4; lastKnownFileType = sourcecode.swift; path = AOPALoader.swift; sourceTree = "<group>"; };
		B52AA6661E54823900D96767 /* AOPANetwork.Config.swift */ = {isa = PBXFileReference; fileEncoding = 4; lastKnownFileType = sourcecode.swift; path = AOPANetwork.Config.swift; sourceTree = "<group>"; };
		B52AA6681E5482C700D96767 /* AOPANetwork.swift */ = {isa = PBXFileReference; fileEncoding = 4; lastKnownFileType = sourcecode.swift; path = AOPANetwork.swift; sourceTree = "<group>"; };
		B52AA66A1E5489AE00D96767 /* AOPADataError.swift */ = {isa = PBXFileReference; fileEncoding = 4; lastKnownFileType = sourcecode.swift; path = AOPADataError.swift; sourceTree = "<group>"; };
		B53826BB1D009BB100828A95 /* PointDetailsView.swift */ = {isa = PBXFileReference; fileEncoding = 4; lastKnownFileType = sourcecode.swift; name = PointDetailsView.swift; path = MapsAOPA/Classes/PointDetailsView.swift; sourceTree = SOURCE_ROOT; };
		B53826BD1D009EEE00828A95 /* RunwaysView.swift */ = {isa = PBXFileReference; fileEncoding = 4; lastKnownFileType = sourcecode.swift; name = RunwaysView.swift; path = MapsAOPA/Classes/RunwaysView.swift; sourceTree = SOURCE_ROOT; };
		B53826BF1D00AAE300828A95 /* MessageUI.framework */ = {isa = PBXFileReference; lastKnownFileType = wrapper.framework; name = MessageUI.framework; path = System/Library/Frameworks/MessageUI.framework; sourceTree = SDKROOT; };
		B5447D401CC12ECA0041B579 /* Base */ = {isa = PBXFileReference; lastKnownFileType = text.plist.strings; name = Base; path = Base.lproj/Localizable.strings; sourceTree = "<group>"; };
		B5447D421CC137A30041B579 /* Database.swift */ = {isa = PBXFileReference; fileEncoding = 4; lastKnownFileType = sourcecode.swift; path = Database.swift; sourceTree = "<group>"; };
		B5447D451CC13DB60041B579 /* PrimitiveExtensions.swift */ = {isa = PBXFileReference; fileEncoding = 4; lastKnownFileType = sourcecode.swift; path = PrimitiveExtensions.swift; sourceTree = "<group>"; };
		B5447D471CC14DDE0041B579 /* Segue.swift */ = {isa = PBXFileReference; fileEncoding = 4; lastKnownFileType = sourcecode.swift; path = Segue.swift; sourceTree = "<group>"; };
		B5464E771D1C57A6004BBDD6 /* DetailsTableViewCell.swift */ = {isa = PBXFileReference; fileEncoding = 4; lastKnownFileType = sourcecode.swift; name = DetailsTableViewCell.swift; path = MapsAOPA/Classes/DetailsTableViewCell.swift; sourceTree = SOURCE_ROOT; };
		B5464E791D1C5DD3004BBDD6 /* DetailsTableViewController.swift */ = {isa = PBXFileReference; fileEncoding = 4; lastKnownFileType = sourcecode.swift; name = DetailsTableViewController.swift; path = MapsAOPA/Classes/DetailsTableViewController.swift; sourceTree = SOURCE_ROOT; };
		B54BB57E1E55BC6100C0FC5E /* AOPANetworkError.swift */ = {isa = PBXFileReference; fileEncoding = 4; lastKnownFileType = sourcecode.swift; path = AOPANetworkError.swift; sourceTree = "<group>"; };
		B54BB5811E56FA4A00C0FC5E /* PointViewModel.swift */ = {isa = PBXFileReference; fileEncoding = 4; lastKnownFileType = sourcecode.swift; path = PointViewModel.swift; sourceTree = "<group>"; };
		B563E20F1CC1B98900480DA2 /* Point+CoreDataProperties.swift */ = {isa = PBXFileReference; fileEncoding = 4; lastKnownFileType = sourcecode.swift; name = "Point+CoreDataProperties.swift"; path = "Entities/Point+CoreDataProperties.swift"; sourceTree = "<group>"; };
		B563E2101CC1B98900480DA2 /* Point.swift */ = {isa = PBXFileReference; fileEncoding = 4; lastKnownFileType = sourcecode.swift; name = Point.swift; path = Entities/Point.swift; sourceTree = "<group>"; };
		B563E2111CC1B98900480DA2 /* Runway+CoreDataProperties.swift */ = {isa = PBXFileReference; fileEncoding = 4; lastKnownFileType = sourcecode.swift; name = "Runway+CoreDataProperties.swift"; path = "Entities/Runway+CoreDataProperties.swift"; sourceTree = "<group>"; };
		B563E2121CC1B98900480DA2 /* Runway.swift */ = {isa = PBXFileReference; fileEncoding = 4; lastKnownFileType = sourcecode.swift; name = Runway.swift; path = Entities/Runway.swift; sourceTree = "<group>"; };
		B563E2151CC1B98900480DA2 /* Fuel+CoreDataProperties.swift */ = {isa = PBXFileReference; fileEncoding = 4; lastKnownFileType = sourcecode.swift; name = "Fuel+CoreDataProperties.swift"; path = "Entities/Fuel+CoreDataProperties.swift"; sourceTree = "<group>"; };
		B563E2161CC1B98900480DA2 /* Fuel.swift */ = {isa = PBXFileReference; fileEncoding = 4; lastKnownFileType = sourcecode.swift; name = Fuel.swift; path = Entities/Fuel.swift; sourceTree = "<group>"; };
		B563E2171CC1B98900480DA2 /* PointDetails+CoreDataProperties.swift */ = {isa = PBXFileReference; fileEncoding = 4; lastKnownFileType = sourcecode.swift; name = "PointDetails+CoreDataProperties.swift"; path = "Entities/PointDetails+CoreDataProperties.swift"; sourceTree = "<group>"; };
		B563E2181CC1B98900480DA2 /* PointDetails.swift */ = {isa = PBXFileReference; fileEncoding = 4; lastKnownFileType = sourcecode.swift; name = PointDetails.swift; path = Entities/PointDetails.swift; sourceTree = "<group>"; };
		B56FBEF01E5F416E008886AF /* RunwaysOverlay.swift */ = {isa = PBXFileReference; fileEncoding = 4; lastKnownFileType = sourcecode.swift; path = RunwaysOverlay.swift; sourceTree = "<group>"; };
		B5D1C68D1CC00B08001E3294 /* MapsAOPA.app */ = {isa = PBXFileReference; explicitFileType = wrapper.application; includeInIndex = 0; path = MapsAOPA.app; sourceTree = BUILT_PRODUCTS_DIR; };
		B5D1C6A51CC00C11001E3294 /* MapKit.framework */ = {isa = PBXFileReference; lastKnownFileType = wrapper.framework; name = MapKit.framework; path = System/Library/Frameworks/MapKit.framework; sourceTree = SDKROOT; };
		B5D1C6AC1CC00DB7001E3294 /* AppDelegate.swift */ = {isa = PBXFileReference; fileEncoding = 4; lastKnownFileType = sourcecode.swift; path = AppDelegate.swift; sourceTree = "<group>"; };
		B5D1C6AD1CC00DB7001E3294 /* MapViewController.swift */ = {isa = PBXFileReference; fileEncoding = 4; lastKnownFileType = sourcecode.swift; path = MapViewController.swift; sourceTree = "<group>"; };
		B5D1C6AF1CC00DB7001E3294 /* Assets.xcassets */ = {isa = PBXFileReference; lastKnownFileType = folder.assetcatalog; path = Assets.xcassets; sourceTree = "<group>"; };
		B5D1C6B51CC00DB7001E3294 /* MapsAOPA.xcdatamodel */ = {isa = PBXFileReference; lastKnownFileType = wrapper.xcdatamodel; path = MapsAOPA.xcdatamodel; sourceTree = "<group>"; };
		B5D1C6B71CC00DB7001E3294 /* Info.plist */ = {isa = PBXFileReference; fileEncoding = 4; lastKnownFileType = text.plist.xml; path = Info.plist; sourceTree = "<group>"; };
		B5D1C6C41CC01020001E3294 /* LaunchScreen.storyboard */ = {isa = PBXFileReference; fileEncoding = 4; lastKnownFileType = file.storyboard; path = LaunchScreen.storyboard; sourceTree = "<group>"; };
		B5D1C6C51CC01020001E3294 /* Main.storyboard */ = {isa = PBXFileReference; fileEncoding = 4; lastKnownFileType = file.storyboard; path = Main.storyboard; sourceTree = "<group>"; };
		B5D1C6CA1CC057E6001E3294 /* Network.swift */ = {isa = PBXFileReference; fileEncoding = 4; lastKnownFileType = sourcecode.swift; path = Network.swift; sourceTree = "<group>"; };
		B5D1C6D01CC05989001E3294 /* Settings.swift */ = {isa = PBXFileReference; fileEncoding = 4; lastKnownFileType = sourcecode.swift; path = Settings.swift; sourceTree = "<group>"; };
		B5DC47DD1E5DE95700037888 /* Converter.swift */ = {isa = PBXFileReference; fileEncoding = 4; lastKnownFileType = sourcecode.swift; path = Converter.swift; sourceTree = "<group>"; };
		B5DC47DF1E5DEFAD00037888 /* DetailsViewModel.swift */ = {isa = PBXFileReference; fileEncoding = 4; lastKnownFileType = sourcecode.swift; path = DetailsViewModel.swift; sourceTree = "<group>"; };
		B5DC775D1CC7E2B700226660 /* MapViewModel.swift */ = {isa = PBXFileReference; fileEncoding = 4; lastKnownFileType = sourcecode.swift; path = MapViewModel.swift; sourceTree = "<group>"; };
		B5DC77601CC7EF3200226660 /* MultipleStatesBarButtonItem.swift */ = {isa = PBXFileReference; fileEncoding = 4; lastKnownFileType = sourcecode.swift; path = MultipleStatesBarButtonItem.swift; sourceTree = "<group>"; };
		B5E6E51E1CC9145D00B175FD /* PointAnnotation.swift */ = {isa = PBXFileReference; fileEncoding = 4; lastKnownFileType = sourcecode.swift; path = PointAnnotation.swift; sourceTree = "<group>"; };
		B5FB20A71CC1DA3A007DA15E /* aopa-points-export.xml */ = {isa = PBXFileReference; fileEncoding = 4; lastKnownFileType = text.xml; path = "aopa-points-export.xml"; sourceTree = "<group>"; };
		B5FBF58E1E5309E500137491 /* ArrayXMLParser.swift */ = {isa = PBXFileReference; fileEncoding = 4; lastKnownFileType = sourcecode.swift; name = ArrayXMLParser.swift; path = MapsAOPA/Classes/ArrayXMLParser.swift; sourceTree = SOURCE_ROOT; };
/* End PBXFileReference section */

/* Begin PBXFrameworksBuildPhase section */
		B5D1C68A1CC00B08001E3294 /* Frameworks */ = {
			isa = PBXFrameworksBuildPhase;
			buildActionMask = 2147483647;
			files = (
				B53826C01D00AAE300828A95 /* MessageUI.framework in Frameworks */,
				B5D1C6A61CC00C11001E3294 /* MapKit.framework in Frameworks */,
				D6CE83C5E41FDC50FF7A8D20 /* Pods_MapsAOPA.framework in Frameworks */,
			);
			runOnlyForDeploymentPostprocessing = 0;
		};
/* End PBXFrameworksBuildPhase section */

/* Begin PBXGroup section */
		43DD57A7A4ACDA32A7B18F68 /* Pods */ = {
			isa = PBXGroup;
			children = (
				28AD4BCEEE7C2D17A6CDDEAA /* Pods-MapsAOPA.debug.xcconfig */,
				03D1AA5B04CFD7602072BBC1 /* Pods-MapsAOPA.release.xcconfig */,
			);
			name = Pods;
			sourceTree = "<group>";
		};
		B53587781CC6AE9D0068D3C9 /* Map */ = {
			isa = PBXGroup;
			children = (
				B53826B71D009B8300828A95 /* Details */,
				B5D1C6AD1CC00DB7001E3294 /* MapViewController.swift */,
				B5DC775D1CC7E2B700226660 /* MapViewModel.swift */,
				B54BB5811E56FA4A00C0FC5E /* PointViewModel.swift */,
				B5E6E51E1CC9145D00B175FD /* PointAnnotation.swift */,
				B56FBEF01E5F416E008886AF /* RunwaysOverlay.swift */,
			);
			name = Map;
			sourceTree = "<group>";
		};
		B53826B71D009B8300828A95 /* Details */ = {
			isa = PBXGroup;
			children = (
				B53826BD1D009EEE00828A95 /* RunwaysView.swift */,
				B53826BB1D009BB100828A95 /* PointDetailsView.swift */,
				B5464E771D1C57A6004BBDD6 /* DetailsTableViewCell.swift */,
				B5464E791D1C5DD3004BBDD6 /* DetailsTableViewController.swift */,
				B5DC47DF1E5DEFAD00037888 /* DetailsViewModel.swift */,
			);
			name = Details;
			sourceTree = "<group>";
		};
		B5447D441CC13DA90041B579 /* Common */ = {
			isa = PBXGroup;
			children = (
				B5DC775F1CC7EE3D00226660 /* UI */,
				B5447D451CC13DB60041B579 /* PrimitiveExtensions.swift */,
				B5447D471CC14DDE0041B579 /* Segue.swift */,
				B5DC47DD1E5DE95700037888 /* Converter.swift */,
			);
			name = Common;
			sourceTree = "<group>";
		};
		B54978B21CC2A9F0005434D5 /* Network */ = {
			isa = PBXGroup;
			children = (
				B5FBF58E1E5309E500137491 /* ArrayXMLParser.swift */,
				B5D1C6CA1CC057E6001E3294 /* Network.swift */,
				B52AA6641E5481FD00D96767 /* AOPALoader.swift */,
				B52AA6681E5482C700D96767 /* AOPANetwork.swift */,
				B52AA6661E54823900D96767 /* AOPANetwork.Config.swift */,
			);
			name = Network;
			sourceTree = "<group>";
		};
		B54BB5801E55BC7C00C0FC5E /* Error */ = {
			isa = PBXGroup;
			children = (
				B52AA6621E545E8100D96767 /* AOPAError.swift */,
				B54BB57E1E55BC6100C0FC5E /* AOPANetworkError.swift */,
				B52AA66A1E5489AE00D96767 /* AOPADataError.swift */,
			);
			name = Error;
			sourceTree = "<group>";
		};
		B563E2231CC1B99000480DA2 /* Entities */ = {
			isa = PBXGroup;
			children = (
				B563E20F1CC1B98900480DA2 /* Point+CoreDataProperties.swift */,
				B563E2101CC1B98900480DA2 /* Point.swift */,
				B563E2111CC1B98900480DA2 /* Runway+CoreDataProperties.swift */,
				B563E2121CC1B98900480DA2 /* Runway.swift */,
				B563E2151CC1B98900480DA2 /* Fuel+CoreDataProperties.swift */,
				B563E2161CC1B98900480DA2 /* Fuel.swift */,
				B563E2171CC1B98900480DA2 /* PointDetails+CoreDataProperties.swift */,
				B563E2181CC1B98900480DA2 /* PointDetails.swift */,
			);
			name = Entities;
			sourceTree = "<group>";
		};
		B5D1C6841CC00B08001E3294 = {
			isa = PBXGroup;
			children = (
				B5D1C6A71CC00D48001E3294 /* Frameworks */,
				B5D1C68F1CC00B08001E3294 /* MapsAOPA */,
				B5D1C68E1CC00B08001E3294 /* Products */,
				43DD57A7A4ACDA32A7B18F68 /* Pods */,
			);
			sourceTree = "<group>";
		};
		B5D1C68E1CC00B08001E3294 /* Products */ = {
			isa = PBXGroup;
			children = (
				B5D1C68D1CC00B08001E3294 /* MapsAOPA.app */,
			);
			name = Products;
			sourceTree = "<group>";
		};
		B5D1C68F1CC00B08001E3294 /* MapsAOPA */ = {
			isa = PBXGroup;
			children = (
				B5D1C6AB1CC00DB7001E3294 /* Classes */,
				B5D1C6AE1CC00DB7001E3294 /* Resourses */,
				B5D1C6B61CC00DB7001E3294 /* Supporting Files */,
			);
			name = MapsAOPA;
			path = MapsAopa;
			sourceTree = "<group>";
		};
		B5D1C6A71CC00D48001E3294 /* Frameworks */ = {
			isa = PBXGroup;
			children = (
				B53826BF1D00AAE300828A95 /* MessageUI.framework */,
				B5D1C6A51CC00C11001E3294 /* MapKit.framework */,
				759E18A16619C4DE65F04C3A /* Pods.framework */,
				A7BCF0BB8DB91F229929E579 /* Pods_MapsAOPA.framework */,
			);
			name = Frameworks;
			sourceTree = "<group>";
		};
		B5D1C6AB1CC00DB7001E3294 /* Classes */ = {
			isa = PBXGroup;
			children = (
				B5447D441CC13DA90041B579 /* Common */,
				B5D1C6BF1CC00E16001E3294 /* Database */,
				B54BB5801E55BC7C00C0FC5E /* Error */,
				B54978B21CC2A9F0005434D5 /* Network */,
				B53587781CC6AE9D0068D3C9 /* Map */,
				B5D1C6AC1CC00DB7001E3294 /* AppDelegate.swift */,
				B5D1C6D01CC05989001E3294 /* Settings.swift */,
			);
			path = Classes;
			sourceTree = "<group>";
		};
		B5D1C6AE1CC00DB7001E3294 /* Resourses */ = {
			isa = PBXGroup;
			children = (
				B5FB20A71CC1DA3A007DA15E /* aopa-points-export.xml */,
				B5D1C6AF1CC00DB7001E3294 /* Assets.xcassets */,
				B5D1C6B41CC00DB7001E3294 /* MapsAOPA.xcdatamodeld */,
				B5D1C6C41CC01020001E3294 /* LaunchScreen.storyboard */,
				B5D1C6C51CC01020001E3294 /* Main.storyboard */,
				B5447D411CC12ECA0041B579 /* Localizable.strings */,
			);
			path = Resourses;
			sourceTree = "<group>";
		};
		B5D1C6B61CC00DB7001E3294 /* Supporting Files */ = {
			isa = PBXGroup;
			children = (
				B5D1C6B71CC00DB7001E3294 /* Info.plist */,
			);
			path = "Supporting Files";
			sourceTree = "<group>";
		};
		B5D1C6BF1CC00E16001E3294 /* Database */ = {
			isa = PBXGroup;
			children = (
				B563E2231CC1B99000480DA2 /* Entities */,
				B5447D421CC137A30041B579 /* Database.swift */,
			);
			name = Database;
			sourceTree = "<group>";
		};
		B5DC775F1CC7EE3D00226660 /* UI */ = {
			isa = PBXGroup;
			children = (
				B5DC77601CC7EF3200226660 /* MultipleStatesBarButtonItem.swift */,
			);
			name = UI;
			sourceTree = "<group>";
		};
/* End PBXGroup section */

/* Begin PBXNativeTarget section */
		B5D1C68C1CC00B08001E3294 /* MapsAOPA */ = {
			isa = PBXNativeTarget;
			buildConfigurationList = B5D1C6A21CC00B08001E3294 /* Build configuration list for PBXNativeTarget "MapsAOPA" */;
			buildPhases = (
				FE2A670C6B2A132749909B4E /* [CP] Check Pods Manifest.lock */,
				B5D1C6891CC00B08001E3294 /* Sources */,
				B5D1C68A1CC00B08001E3294 /* Frameworks */,
				B5D1C68B1CC00B08001E3294 /* Resources */,
				7F37F72441DFF58226E08F05 /* [CP] Embed Pods Frameworks */,
				5784F0BD41E812C2279DCFFB /* [CP] Copy Pods Resources */,
			);
			buildRules = (
			);
			dependencies = (
			);
			name = MapsAOPA;
			productName = MapsAopa;
			productReference = B5D1C68D1CC00B08001E3294 /* MapsAOPA.app */;
			productType = "com.apple.product-type.application";
		};
/* End PBXNativeTarget section */

/* Begin PBXProject section */
		B5D1C6851CC00B08001E3294 /* Project object */ = {
			isa = PBXProject;
			attributes = {
				LastSwiftUpdateCheck = 0730;
				LastUpgradeCheck = 0810;
				ORGANIZATIONNAME = "Konstantin Zyryanov";
				TargetAttributes = {
					B5D1C68C1CC00B08001E3294 = {
						CreatedOnToolsVersion = 7.3;
						DevelopmentTeam = 2DMTV2NW38;
						LastSwiftMigration = 0810;
					};
				};
			};
			buildConfigurationList = B5D1C6881CC00B08001E3294 /* Build configuration list for PBXProject "MapsAOPA" */;
			compatibilityVersion = "Xcode 3.2";
			developmentRegion = English;
			hasScannedForEncodings = 0;
			knownRegions = (
				Base,
			);
			mainGroup = B5D1C6841CC00B08001E3294;
			productRefGroup = B5D1C68E1CC00B08001E3294 /* Products */;
			projectDirPath = "";
			projectRoot = "";
			targets = (
				B5D1C68C1CC00B08001E3294 /* MapsAOPA */,
			);
		};
/* End PBXProject section */

/* Begin PBXResourcesBuildPhase section */
		B5D1C68B1CC00B08001E3294 /* Resources */ = {
			isa = PBXResourcesBuildPhase;
			buildActionMask = 2147483647;
			files = (
				B5FB20A81CC1DA3A007DA15E /* aopa-points-export.xml in Resources */,
				B5D1C6C61CC01020001E3294 /* LaunchScreen.storyboard in Resources */,
				B5D1C6BA1CC00DB7001E3294 /* Assets.xcassets in Resources */,
				B5447D3F1CC12ECA0041B579 /* Localizable.strings in Resources */,
				B5D1C6C71CC01020001E3294 /* Main.storyboard in Resources */,
			);
			runOnlyForDeploymentPostprocessing = 0;
		};
/* End PBXResourcesBuildPhase section */

/* Begin PBXShellScriptBuildPhase section */
		5784F0BD41E812C2279DCFFB /* [CP] Copy Pods Resources */ = {
			isa = PBXShellScriptBuildPhase;
			buildActionMask = 2147483647;
			files = (
			);
			inputPaths = (
			);
			name = "[CP] Copy Pods Resources";
			outputPaths = (
			);
			runOnlyForDeploymentPostprocessing = 0;
			shellPath = /bin/sh;
			shellScript = "\"${SRCROOT}/Pods/Target Support Files/Pods-MapsAOPA/Pods-MapsAOPA-resources.sh\"\n";
			showEnvVarsInLog = 0;
		};
		7F37F72441DFF58226E08F05 /* [CP] Embed Pods Frameworks */ = {
			isa = PBXShellScriptBuildPhase;
			buildActionMask = 2147483647;
			files = (
			);
			inputPaths = (
			);
			name = "[CP] Embed Pods Frameworks";
			outputPaths = (
			);
			runOnlyForDeploymentPostprocessing = 0;
			shellPath = /bin/sh;
			shellScript = "\"${SRCROOT}/Pods/Target Support Files/Pods-MapsAOPA/Pods-MapsAOPA-frameworks.sh\"\n";
			showEnvVarsInLog = 0;
		};
		FE2A670C6B2A132749909B4E /* [CP] Check Pods Manifest.lock */ = {
			isa = PBXShellScriptBuildPhase;
			buildActionMask = 2147483647;
			files = (
			);
			inputPaths = (
			);
			name = "[CP] Check Pods Manifest.lock";
			outputPaths = (
			);
			runOnlyForDeploymentPostprocessing = 0;
			shellPath = /bin/sh;
			shellScript = "diff \"${PODS_ROOT}/../Podfile.lock\" \"${PODS_ROOT}/Manifest.lock\" > /dev/null\nif [ $? != 0 ] ; then\n    # print error to STDERR\n    echo \"error: The sandbox is not in sync with the Podfile.lock. Run 'pod install' or update your CocoaPods installation.\" >&2\n    exit 1\nfi\n";
			showEnvVarsInLog = 0;
		};
/* End PBXShellScriptBuildPhase section */

/* Begin PBXSourcesBuildPhase section */
		B5D1C6891CC00B08001E3294 /* Sources */ = {
			isa = PBXSourcesBuildPhase;
			buildActionMask = 2147483647;
			files = (
				B56FBEF11E5F416F008886AF /* RunwaysOverlay.swift in Sources */,
				B54BB5821E56FA4A00C0FC5E /* PointViewModel.swift in Sources */,
				B5447D481CC14DDE0041B579 /* Segue.swift in Sources */,
				B52AA6631E545E8100D96767 /* AOPAError.swift in Sources */,
				B5447D431CC137A30041B579 /* Database.swift in Sources */,
				B5D1C6CB1CC057E6001E3294 /* Network.swift in Sources */,
				B563E2201CC1B98900480DA2 /* Fuel.swift in Sources */,
				B5D1C6B91CC00DB7001E3294 /* MapViewController.swift in Sources */,
				B5D1C6BD1CC00DB7001E3294 /* MapsAOPA.xcdatamodeld in Sources */,
				B5DC77611CC7EF3200226660 /* MultipleStatesBarButtonItem.swift in Sources */,
				B563E2211CC1B98900480DA2 /* PointDetails+CoreDataProperties.swift in Sources */,
				B5FBF58F1E5309E500137491 /* ArrayXMLParser.swift in Sources */,
				B563E2191CC1B98900480DA2 /* Point+CoreDataProperties.swift in Sources */,
				B563E21F1CC1B98900480DA2 /* Fuel+CoreDataProperties.swift in Sources */,
				B5464E781D1C57A6004BBDD6 /* DetailsTableViewCell.swift in Sources */,
				B5464E7A1D1C5DD3004BBDD6 /* DetailsTableViewController.swift in Sources */,
				B5D1C6B81CC00DB7001E3294 /* AppDelegate.swift in Sources */,
				B563E21B1CC1B98900480DA2 /* Runway+CoreDataProperties.swift in Sources */,
				B563E21C1CC1B98900480DA2 /* Runway.swift in Sources */,
				B5E6E51F1CC9145D00B175FD /* PointAnnotation.swift in Sources */,
				B563E21A1CC1B98900480DA2 /* Point.swift in Sources */,
				B5DC47DE1E5DE95700037888 /* Converter.swift in Sources */,
				B52AA6691E5482C700D96767 /* AOPANetwork.swift in Sources */,
				B53826BC1D009BB100828A95 /* PointDetailsView.swift in Sources */,
				B563E2221CC1B98900480DA2 /* PointDetails.swift in Sources */,
				B5D1C6D11CC05989001E3294 /* Settings.swift in Sources */,
				B52AA6651E5481FD00D96767 /* AOPALoader.swift in Sources */,
				B53826BE1D009EEE00828A95 /* RunwaysView.swift in Sources */,
				B54BB57F1E55BC6200C0FC5E /* AOPANetworkError.swift in Sources */,
				B5447D461CC13DB60041B579 /* PrimitiveExtensions.swift in Sources */,
				B52AA66B1E5489AE00D96767 /* AOPADataError.swift in Sources */,
				B5DC47E01E5DEFAD00037888 /* DetailsViewModel.swift in Sources */,
				B5DC775E1CC7E2B700226660 /* MapViewModel.swift in Sources */,
				B52AA6671E54823900D96767 /* AOPANetwork.Config.swift in Sources */,
			);
			runOnlyForDeploymentPostprocessing = 0;
		};
/* End PBXSourcesBuildPhase section */

/* Begin PBXVariantGroup section */
		B5447D411CC12ECA0041B579 /* Localizable.strings */ = {
			isa = PBXVariantGroup;
			children = (
				B5447D401CC12ECA0041B579 /* Base */,
			);
			name = Localizable.strings;
			sourceTree = "<group>";
		};
/* End PBXVariantGroup section */

/* Begin XCBuildConfiguration section */
		B5D1C6A01CC00B08001E3294 /* Debug */ = {
			isa = XCBuildConfiguration;
			buildSettings = {
				ALWAYS_SEARCH_USER_PATHS = NO;
				CLANG_ANALYZER_NONNULL = YES;
				CLANG_CXX_LANGUAGE_STANDARD = "gnu++0x";
				CLANG_CXX_LIBRARY = "libc++";
				CLANG_ENABLE_MODULES = YES;
				CLANG_ENABLE_OBJC_ARC = YES;
				CLANG_WARN_BOOL_CONVERSION = YES;
				CLANG_WARN_CONSTANT_CONVERSION = YES;
				CLANG_WARN_DIRECT_OBJC_ISA_USAGE = YES_ERROR;
				CLANG_WARN_EMPTY_BODY = YES;
				CLANG_WARN_ENUM_CONVERSION = YES;
				CLANG_WARN_INFINITE_RECURSION = YES;
				CLANG_WARN_INT_CONVERSION = YES;
				CLANG_WARN_OBJC_ROOT_CLASS = YES_ERROR;
				CLANG_WARN_SUSPICIOUS_MOVE = YES;
				CLANG_WARN_UNREACHABLE_CODE = YES;
				CLANG_WARN__DUPLICATE_METHOD_MATCH = YES;
				"CODE_SIGN_IDENTITY[sdk=iphoneos*]" = "iPhone Developer";
				COPY_PHASE_STRIP = NO;
				DEBUG_INFORMATION_FORMAT = dwarf;
				ENABLE_STRICT_OBJC_MSGSEND = YES;
				ENABLE_TESTABILITY = YES;
				GCC_C_LANGUAGE_STANDARD = gnu99;
				GCC_DYNAMIC_NO_PIC = NO;
				GCC_NO_COMMON_BLOCKS = YES;
				GCC_OPTIMIZATION_LEVEL = 0;
				GCC_PREPROCESSOR_DEFINITIONS = (
					"DEBUG=1",
					"$(inherited)",
				);
				GCC_WARN_64_TO_32_BIT_CONVERSION = YES;
				GCC_WARN_ABOUT_RETURN_TYPE = YES_ERROR;
				GCC_WARN_UNDECLARED_SELECTOR = YES;
				GCC_WARN_UNINITIALIZED_AUTOS = YES_AGGRESSIVE;
				GCC_WARN_UNUSED_FUNCTION = YES;
				GCC_WARN_UNUSED_VARIABLE = YES;
				IPHONEOS_DEPLOYMENT_TARGET = 8.0;
				MTL_ENABLE_DEBUG_INFO = YES;
				ONLY_ACTIVE_ARCH = YES;
				OTHER_CFLAGS = "";
				OTHER_SWIFT_FLAGS = "";
				SDKROOT = iphoneos;
				SWIFT_OPTIMIZATION_LEVEL = "-Onone";
				TARGETED_DEVICE_FAMILY = "1,2";
			};
			name = Debug;
		};
		B5D1C6A11CC00B08001E3294 /* Release */ = {
			isa = XCBuildConfiguration;
			buildSettings = {
				ALWAYS_SEARCH_USER_PATHS = NO;
				CLANG_ANALYZER_NONNULL = YES;
				CLANG_CXX_LANGUAGE_STANDARD = "gnu++0x";
				CLANG_CXX_LIBRARY = "libc++";
				CLANG_ENABLE_MODULES = YES;
				CLANG_ENABLE_OBJC_ARC = YES;
				CLANG_WARN_BOOL_CONVERSION = YES;
				CLANG_WARN_CONSTANT_CONVERSION = YES;
				CLANG_WARN_DIRECT_OBJC_ISA_USAGE = YES_ERROR;
				CLANG_WARN_EMPTY_BODY = YES;
				CLANG_WARN_ENUM_CONVERSION = YES;
				CLANG_WARN_INFINITE_RECURSION = YES;
				CLANG_WARN_INT_CONVERSION = YES;
				CLANG_WARN_OBJC_ROOT_CLASS = YES_ERROR;
				CLANG_WARN_SUSPICIOUS_MOVE = YES;
				CLANG_WARN_UNREACHABLE_CODE = YES;
				CLANG_WARN__DUPLICATE_METHOD_MATCH = YES;
				"CODE_SIGN_IDENTITY[sdk=iphoneos*]" = "iPhone Developer";
				COPY_PHASE_STRIP = NO;
				DEBUG_INFORMATION_FORMAT = "dwarf-with-dsym";
				ENABLE_NS_ASSERTIONS = NO;
				ENABLE_STRICT_OBJC_MSGSEND = YES;
				GCC_C_LANGUAGE_STANDARD = gnu99;
				GCC_NO_COMMON_BLOCKS = YES;
				GCC_WARN_64_TO_32_BIT_CONVERSION = YES;
				GCC_WARN_ABOUT_RETURN_TYPE = YES_ERROR;
				GCC_WARN_UNDECLARED_SELECTOR = YES;
				GCC_WARN_UNINITIALIZED_AUTOS = YES_AGGRESSIVE;
				GCC_WARN_UNUSED_FUNCTION = YES;
				GCC_WARN_UNUSED_VARIABLE = YES;
				IPHONEOS_DEPLOYMENT_TARGET = 8.0;
				MTL_ENABLE_DEBUG_INFO = NO;
				SDKROOT = iphoneos;
				SWIFT_OPTIMIZATION_LEVEL = "-Owholemodule";
				TARGETED_DEVICE_FAMILY = "1,2";
				VALIDATE_PRODUCT = YES;
			};
			name = Release;
		};
		B5D1C6A31CC00B08001E3294 /* Debug */ = {
			isa = XCBuildConfiguration;
			baseConfigurationReference = 28AD4BCEEE7C2D17A6CDDEAA /* Pods-MapsAOPA.debug.xcconfig */;
			buildSettings = {
				ASSETCATALOG_COMPILER_LAUNCHIMAGE_NAME = "Brand Assets";
				CLANG_ENABLE_MODULES = YES;
				DEVELOPMENT_TEAM = 2DMTV2NW38;
				FRAMEWORK_SEARCH_PATHS = "$(inherited)";
				INFOPLIST_FILE = "$(SRCROOT)/MapsAOPA/Supporting Files/Info.plist";
				LD_RUNPATH_SEARCH_PATHS = "$(inherited) @executable_path/Frameworks";
				OTHER_SWIFT_FLAGS = "$(inherited) \"-D\" \"COCOAPODS\" -D DEBUG";
				PRODUCT_BUNDLE_IDENTIFIER = com.example.MapsAOPA;
				PRODUCT_NAME = MapsAOPA;
				SWIFT_OBJC_BRIDGING_HEADER = "";
				SWIFT_OPTIMIZATION_LEVEL = "-Onone";
				SWIFT_VERSION = 3.0;
			};
			name = Debug;
		};
		B5D1C6A41CC00B08001E3294 /* Release */ = {
			isa = XCBuildConfiguration;
			baseConfigurationReference = 03D1AA5B04CFD7602072BBC1 /* Pods-MapsAOPA.release.xcconfig */;
			buildSettings = {
				ASSETCATALOG_COMPILER_LAUNCHIMAGE_NAME = "Brand Assets";
				CLANG_ENABLE_MODULES = YES;
				DEVELOPMENT_TEAM = 2DMTV2NW38;
				FRAMEWORK_SEARCH_PATHS = "$(inherited)";
				INFOPLIST_FILE = "$(SRCROOT)/MapsAOPA/Supporting Files/Info.plist";
				LD_RUNPATH_SEARCH_PATHS = "$(inherited) @executable_path/Frameworks";
				PRODUCT_BUNDLE_IDENTIFIER = com.example.MapsAOPA;
				PRODUCT_NAME = MapsAOPA;
				SWIFT_OBJC_BRIDGING_HEADER = "";
				SWIFT_VERSION = 3.0;
			};
			name = Release;
		};
/* End XCBuildConfiguration section */

/* Begin XCConfigurationList section */
		B5D1C6881CC00B08001E3294 /* Build configuration list for PBXProject "MapsAOPA" */ = {
			isa = XCConfigurationList;
			buildConfigurations = (
				B5D1C6A01CC00B08001E3294 /* Debug */,
				B5D1C6A11CC00B08001E3294 /* Release */,
			);
			defaultConfigurationIsVisible = 0;
			defaultConfigurationName = Release;
		};
		B5D1C6A21CC00B08001E3294 /* Build configuration list for PBXNativeTarget "MapsAOPA" */ = {
			isa = XCConfigurationList;
			buildConfigurations = (
				B5D1C6A31CC00B08001E3294 /* Debug */,
				B5D1C6A41CC00B08001E3294 /* Release */,
			);
			defaultConfigurationIsVisible = 0;
			defaultConfigurationName = Release;
		};
/* End XCConfigurationList section */

/* Begin XCVersionGroup section */
		B5D1C6B41CC00DB7001E3294 /* MapsAOPA.xcdatamodeld */ = {
			isa = XCVersionGroup;
			children = (
				B5D1C6B51CC00DB7001E3294 /* MapsAOPA.xcdatamodel */,
			);
			currentVersion = B5D1C6B51CC00DB7001E3294 /* MapsAOPA.xcdatamodel */;
			path = MapsAOPA.xcdatamodeld;
			sourceTree = "<group>";
			versionGroupType = wrapper.xcdatamodel;
		};
/* End XCVersionGroup section */
	};
	rootObject = B5D1C6851CC00B08001E3294 /* Project object */;
}
